[[package]]
name = "atags"
version = "0.1.0"
dependencies = [
 "volatile 0.2.5 (registry+https://github.com/rust-lang/crates.io-index)",
]

[[package]]
name = "volatile"
version = "0.2.5"
source = "registry+https://github.com/rust-lang/crates.io-index"

[metadata]
"checksum volatile 0.2.5 (registry+https://github.com/rust-lang/crates.io-index)" = "d9ca391c55768e479d5c2f8beb40c136df09257292a809ea514e82cfdfc15d00"
