# This file is automatically @generated by Cargo.
# It is not intended for manual editing.
[[package]]
name = "aarch64"
version = "2.2.2"
source = "git+https://github.com/equation314/aarch64#b6a0f4a3be6f74927c88305a6af5ad2be079bccd"
dependencies = [
 "bit_field 0.9.0 (registry+https://github.com/rust-lang/crates.io-index)",
 "bitflags 1.0.4 (registry+https://github.com/rust-lang/crates.io-index)",
 "register 0.2.1 (registry+https://github.com/rust-lang/crates.io-index)",
 "usize_conversions 0.2.0 (registry+https://github.com/rust-lang/crates.io-index)",
 "ux 0.1.3 (registry+https://github.com/rust-lang/crates.io-index)",
]

[[package]]
name = "apic"
version = "0.1.0"
source = "git+https://github.com/wangrunji0408/APIC-Rust#5002b7de801178bef0635e7fe399ce513f04cbf9"
dependencies = [
 "bit_field 0.9.0 (registry+https://github.com/rust-lang/crates.io-index)",
 "bitflags 1.0.4 (registry+https://github.com/rust-lang/crates.io-index)",
 "x86 0.12.0 (registry+https://github.com/rust-lang/crates.io-index)",
]

[[package]]
name = "array-init"
version = "0.0.4"
source = "registry+https://github.com/rust-lang/crates.io-index"
dependencies = [
 "nodrop 0.1.13 (registry+https://github.com/rust-lang/crates.io-index)",
]

[[package]]
name = "atags"
version = "0.1.0"

[[package]]
name = "bare-metal"
version = "0.2.4"
source = "registry+https://github.com/rust-lang/crates.io-index"
dependencies = [
 "rustc_version 0.2.3 (registry+https://github.com/rust-lang/crates.io-index)",
]

[[package]]
name = "bbl"
version = "0.1.0"

[[package]]
name = "bcm2837"
version = "0.1.0"
dependencies = [
 "aarch64 2.2.2 (git+https://github.com/equation314/aarch64)",
 "volatile 0.2.6 (registry+https://github.com/rust-lang/crates.io-index)",
]

[[package]]
name = "bit-allocator"
version = "0.1.0"
dependencies = [
 "bit_field 0.9.0 (registry+https://github.com/rust-lang/crates.io-index)",
]

[[package]]
name = "bit_field"
version = "0.9.0"
source = "registry+https://github.com/rust-lang/crates.io-index"

[[package]]
name = "bitflags"
version = "1.0.4"
source = "registry+https://github.com/rust-lang/crates.io-index"

[[package]]
name = "bitvec"
version = "0.9.0"
source = "registry+https://github.com/rust-lang/crates.io-index"

[[package]]
name = "bootloader"
version = "0.3.4"
source = "git+https://github.com/wangrunji0408/bootloader#24bdcafc302e7d2659ac126049a45571462907d9"
dependencies = [
 "apic 0.1.0 (git+https://github.com/wangrunji0408/APIC-Rust)",
 "fixedvec 0.2.3 (registry+https://github.com/rust-lang/crates.io-index)",
 "usize_conversions 0.2.0 (registry+https://github.com/rust-lang/crates.io-index)",
 "x86_64 0.2.14 (registry+https://github.com/rust-lang/crates.io-index)",
 "xmas-elf 0.6.2 (registry+https://github.com/rust-lang/crates.io-index)",
]

[[package]]
name = "byteorder"
version = "1.3.1"
source = "registry+https://github.com/rust-lang/crates.io-index"

[[package]]
name = "cc"
version = "1.0.28"
source = "registry+https://github.com/rust-lang/crates.io-index"

[[package]]
name = "cfg-if"
version = "0.1.6"
source = "registry+https://github.com/rust-lang/crates.io-index"

[[package]]
name = "deque"
version = "0.3.2"
source = "git+https://github.com/wangrunji0408/deque.git?branch=no_std#907d03935b9badde1902d9c84d138872f34c6763"

[[package]]
name = "device_tree"
version = "1.0.3"
source = "git+https://github.com/jiegec/device_tree-rs#1bd9b4df529a6ef8cc49006fe0c96c92c17c894d"

[[package]]
name = "fixedvec"
version = "0.2.3"
source = "registry+https://github.com/rust-lang/crates.io-index"
dependencies = [
 "skeptic 0.5.0 (registry+https://github.com/rust-lang/crates.io-index)",
]

[[package]]
name = "fuchsia-cprng"
version = "0.1.0"
source = "registry+https://github.com/rust-lang/crates.io-index"

[[package]]
name = "getopts"
version = "0.2.18"
source = "registry+https://github.com/rust-lang/crates.io-index"
dependencies = [
 "unicode-width 0.1.5 (registry+https://github.com/rust-lang/crates.io-index)",
]

[[package]]
name = "lazy_static"
version = "1.2.0"
source = "registry+https://github.com/rust-lang/crates.io-index"
dependencies = [
 "spin 0.4.10 (registry+https://github.com/rust-lang/crates.io-index)",
]

[[package]]
name = "libc"
version = "0.2.48"
source = "registry+https://github.com/rust-lang/crates.io-index"

[[package]]
name = "linked_list_allocator"
version = "0.6.3"
source = "registry+https://github.com/rust-lang/crates.io-index"
dependencies = [
 "spin 0.4.10 (registry+https://github.com/rust-lang/crates.io-index)",
]

[[package]]
name = "log"
version = "0.3.9"
source = "registry+https://github.com/rust-lang/crates.io-index"
dependencies = [
 "log 0.4.6 (registry+https://github.com/rust-lang/crates.io-index)",
]

[[package]]
name = "log"
version = "0.4.6"
source = "registry+https://github.com/rust-lang/crates.io-index"
dependencies = [
 "cfg-if 0.1.6 (registry+https://github.com/rust-lang/crates.io-index)",
]

[[package]]
name = "managed"
version = "0.7.1"
source = "registry+https://github.com/rust-lang/crates.io-index"

[[package]]
name = "nodrop"
version = "0.1.13"
source = "registry+https://github.com/rust-lang/crates.io-index"

[[package]]
name = "once"
version = "0.3.3"
source = "registry+https://github.com/rust-lang/crates.io-index"

[[package]]
name = "os_bootinfo"
version = "0.2.1"
source = "registry+https://github.com/rust-lang/crates.io-index"

[[package]]
name = "pc-keyboard"
version = "0.5.0"
source = "registry+https://github.com/rust-lang/crates.io-index"

[[package]]
name = "pulldown-cmark"
version = "0.0.3"
source = "registry+https://github.com/rust-lang/crates.io-index"
dependencies = [
 "getopts 0.2.18 (registry+https://github.com/rust-lang/crates.io-index)",
]

[[package]]
name = "rand"
version = "0.4.6"
source = "registry+https://github.com/rust-lang/crates.io-index"
dependencies = [
 "fuchsia-cprng 0.1.0 (registry+https://github.com/rust-lang/crates.io-index)",
 "libc 0.2.48 (registry+https://github.com/rust-lang/crates.io-index)",
 "rand_core 0.3.1 (registry+https://github.com/rust-lang/crates.io-index)",
 "rdrand 0.4.0 (registry+https://github.com/rust-lang/crates.io-index)",
 "winapi 0.3.6 (registry+https://github.com/rust-lang/crates.io-index)",
]

[[package]]
name = "rand_core"
version = "0.3.1"
source = "registry+https://github.com/rust-lang/crates.io-index"
dependencies = [
 "rand_core 0.4.0 (registry+https://github.com/rust-lang/crates.io-index)",
]

[[package]]
name = "rand_core"
version = "0.4.0"
source = "registry+https://github.com/rust-lang/crates.io-index"

[[package]]
name = "raw-cpuid"
version = "6.1.0"
source = "registry+https://github.com/rust-lang/crates.io-index"
dependencies = [
 "bitflags 1.0.4 (registry+https://github.com/rust-lang/crates.io-index)",
 "cc 1.0.28 (registry+https://github.com/rust-lang/crates.io-index)",
 "rustc_version 0.2.3 (registry+https://github.com/rust-lang/crates.io-index)",
]

[[package]]
name = "rcore"
version = "0.1.0"
dependencies = [
 "aarch64 2.2.2 (git+https://github.com/equation314/aarch64)",
 "apic 0.1.0 (git+https://github.com/wangrunji0408/APIC-Rust)",
 "atags 0.1.0",
 "bbl 0.1.0",
 "bcm2837 0.1.0",
 "bit-allocator 0.1.0",
 "bit_field 0.9.0 (registry+https://github.com/rust-lang/crates.io-index)",
 "bitflags 1.0.4 (registry+https://github.com/rust-lang/crates.io-index)",
 "bootloader 0.3.4 (git+https://github.com/wangrunji0408/bootloader)",
 "cc 1.0.28 (registry+https://github.com/rust-lang/crates.io-index)",
 "device_tree 1.0.3 (git+https://github.com/jiegec/device_tree-rs)",
 "lazy_static 1.2.0 (registry+https://github.com/rust-lang/crates.io-index)",
 "linked_list_allocator 0.6.3 (registry+https://github.com/rust-lang/crates.io-index)",
 "log 0.4.6 (registry+https://github.com/rust-lang/crates.io-index)",
 "once 0.3.3 (registry+https://github.com/rust-lang/crates.io-index)",
 "pc-keyboard 0.5.0 (registry+https://github.com/rust-lang/crates.io-index)",
 "raw-cpuid 6.1.0 (registry+https://github.com/rust-lang/crates.io-index)",
 "rcore-fs 0.1.0 (git+https://github.com/wangrunji0408/rcore-fs?branch=sefs)",
 "rcore-fs-sfs 0.1.0 (git+https://github.com/wangrunji0408/rcore-fs?branch=sefs)",
 "rcore-memory 0.1.0",
 "rcore-thread 0.1.0",
 "riscv 0.3.0 (git+https://github.com/riscv-and-rust-and-decaf/riscv)",
 "smoltcp 0.5.0 (registry+https://github.com/rust-lang/crates.io-index)",
 "spin 0.5.0 (registry+https://github.com/rust-lang/crates.io-index)",
 "uart_16550 0.1.0 (registry+https://github.com/rust-lang/crates.io-index)",
 "volatile 0.2.6 (registry+https://github.com/rust-lang/crates.io-index)",
 "x86_64 0.4.0 (registry+https://github.com/rust-lang/crates.io-index)",
 "xmas-elf 0.6.2 (registry+https://github.com/rust-lang/crates.io-index)",
]

[[package]]
name = "rcore-fs"
version = "0.1.0"
source = "git+https://github.com/wangrunji0408/rcore-fs?branch=sefs#379a58cd6d5854db31d03c38ddf688adf8c774ed"

[[package]]
name = "rcore-fs-sfs"
version = "0.1.0"
source = "git+https://github.com/wangrunji0408/rcore-fs?branch=sefs#379a58cd6d5854db31d03c38ddf688adf8c774ed"
dependencies = [
 "bitvec 0.9.0 (registry+https://github.com/rust-lang/crates.io-index)",
 "log 0.4.6 (registry+https://github.com/rust-lang/crates.io-index)",
 "rcore-fs 0.1.0 (git+https://github.com/wangrunji0408/rcore-fs?branch=sefs)",
 "spin 0.4.10 (registry+https://github.com/rust-lang/crates.io-index)",
 "static_assertions 0.3.1 (registry+https://github.com/rust-lang/crates.io-index)",
]

[[package]]
name = "rcore-memory"
version = "0.1.0"
dependencies = [
 "log 0.4.6 (registry+https://github.com/rust-lang/crates.io-index)",
]

[[package]]
name = "rcore-thread"
version = "0.1.0"
dependencies = [
 "deque 0.3.2 (git+https://github.com/wangrunji0408/deque.git?branch=no_std)",
 "log 0.4.6 (registry+https://github.com/rust-lang/crates.io-index)",
 "spin 0.5.0 (registry+https://github.com/rust-lang/crates.io-index)",
]

[[package]]
name = "rdrand"
version = "0.4.0"
source = "registry+https://github.com/rust-lang/crates.io-index"
dependencies = [
 "rand_core 0.3.1 (registry+https://github.com/rust-lang/crates.io-index)",
]

[[package]]
name = "register"
version = "0.2.1"
source = "registry+https://github.com/rust-lang/crates.io-index"
dependencies = [
 "tock-registers 0.2.0 (registry+https://github.com/rust-lang/crates.io-index)",
]

[[package]]
name = "remove_dir_all"
version = "0.5.1"
source = "registry+https://github.com/rust-lang/crates.io-index"
dependencies = [
 "winapi 0.3.6 (registry+https://github.com/rust-lang/crates.io-index)",
]

[[package]]
name = "riscv"
version = "0.3.0"
source = "git+https://github.com/riscv-and-rust-and-decaf/riscv#ac09fc675387998df9874349fd9794aced81185c"
dependencies = [
 "bare-metal 0.2.4 (registry+https://github.com/rust-lang/crates.io-index)",
 "bit_field 0.9.0 (registry+https://github.com/rust-lang/crates.io-index)",
 "bitflags 1.0.4 (registry+https://github.com/rust-lang/crates.io-index)",
 "log 0.4.6 (registry+https://github.com/rust-lang/crates.io-index)",
]

[[package]]
name = "rustc_version"
version = "0.2.3"
source = "registry+https://github.com/rust-lang/crates.io-index"
dependencies = [
 "semver 0.9.0 (registry+https://github.com/rust-lang/crates.io-index)",
]

[[package]]
name = "semver"
version = "0.9.0"
source = "registry+https://github.com/rust-lang/crates.io-index"
dependencies = [
 "semver-parser 0.7.0 (registry+https://github.com/rust-lang/crates.io-index)",
]

[[package]]
name = "semver-parser"
version = "0.7.0"
source = "registry+https://github.com/rust-lang/crates.io-index"

[[package]]
name = "skeptic"
version = "0.5.0"
source = "registry+https://github.com/rust-lang/crates.io-index"
dependencies = [
 "pulldown-cmark 0.0.3 (registry+https://github.com/rust-lang/crates.io-index)",
 "tempdir 0.3.7 (registry+https://github.com/rust-lang/crates.io-index)",
]

[[package]]
name = "smoltcp"
version = "0.5.0"
source = "registry+https://github.com/rust-lang/crates.io-index"
dependencies = [
 "bitflags 1.0.4 (registry+https://github.com/rust-lang/crates.io-index)",
 "byteorder 1.3.1 (registry+https://github.com/rust-lang/crates.io-index)",
 "log 0.3.9 (registry+https://github.com/rust-lang/crates.io-index)",
 "managed 0.7.1 (registry+https://github.com/rust-lang/crates.io-index)",
]

[[package]]
name = "spin"
version = "0.4.10"
source = "registry+https://github.com/rust-lang/crates.io-index"

[[package]]
name = "spin"
version = "0.5.0"
source = "registry+https://github.com/rust-lang/crates.io-index"

[[package]]
name = "static_assertions"
version = "0.3.1"
source = "registry+https://github.com/rust-lang/crates.io-index"

[[package]]
name = "tempdir"
version = "0.3.7"
source = "registry+https://github.com/rust-lang/crates.io-index"
dependencies = [
 "rand 0.4.6 (registry+https://github.com/rust-lang/crates.io-index)",
 "remove_dir_all 0.5.1 (registry+https://github.com/rust-lang/crates.io-index)",
]

[[package]]
name = "tock-registers"
version = "0.2.0"
source = "registry+https://github.com/rust-lang/crates.io-index"

[[package]]
name = "uart_16550"
version = "0.1.0"
source = "registry+https://github.com/rust-lang/crates.io-index"
dependencies = [
 "bitflags 1.0.4 (registry+https://github.com/rust-lang/crates.io-index)",
 "x86_64 0.2.14 (registry+https://github.com/rust-lang/crates.io-index)",
]

[[package]]
name = "unicode-width"
version = "0.1.5"
source = "registry+https://github.com/rust-lang/crates.io-index"

[[package]]
name = "usize_conversions"
version = "0.2.0"
source = "registry+https://github.com/rust-lang/crates.io-index"

[[package]]
name = "ux"
version = "0.1.3"
source = "registry+https://github.com/rust-lang/crates.io-index"

[[package]]
name = "volatile"
version = "0.2.6"
source = "registry+https://github.com/rust-lang/crates.io-index"

[[package]]
name = "winapi"
version = "0.3.6"
source = "registry+https://github.com/rust-lang/crates.io-index"
dependencies = [
 "winapi-i686-pc-windows-gnu 0.4.0 (registry+https://github.com/rust-lang/crates.io-index)",
 "winapi-x86_64-pc-windows-gnu 0.4.0 (registry+https://github.com/rust-lang/crates.io-index)",
]

[[package]]
name = "winapi-i686-pc-windows-gnu"
version = "0.4.0"
source = "registry+https://github.com/rust-lang/crates.io-index"

[[package]]
name = "winapi-x86_64-pc-windows-gnu"
version = "0.4.0"
source = "registry+https://github.com/rust-lang/crates.io-index"

[[package]]
name = "x86"
version = "0.12.0"
source = "registry+https://github.com/rust-lang/crates.io-index"
dependencies = [
 "bitflags 1.0.4 (registry+https://github.com/rust-lang/crates.io-index)",
 "raw-cpuid 6.1.0 (registry+https://github.com/rust-lang/crates.io-index)",
]

[[package]]
name = "x86_64"
version = "0.2.14"
source = "registry+https://github.com/rust-lang/crates.io-index"
dependencies = [
 "bit_field 0.9.0 (registry+https://github.com/rust-lang/crates.io-index)",
 "bitflags 1.0.4 (registry+https://github.com/rust-lang/crates.io-index)",
 "os_bootinfo 0.2.1 (registry+https://github.com/rust-lang/crates.io-index)",
 "usize_conversions 0.2.0 (registry+https://github.com/rust-lang/crates.io-index)",
 "ux 0.1.3 (registry+https://github.com/rust-lang/crates.io-index)",
]

[[package]]
name = "x86_64"
version = "0.4.0"
source = "registry+https://github.com/rust-lang/crates.io-index"
dependencies = [
 "array-init 0.0.4 (registry+https://github.com/rust-lang/crates.io-index)",
 "bit_field 0.9.0 (registry+https://github.com/rust-lang/crates.io-index)",
 "bitflags 1.0.4 (registry+https://github.com/rust-lang/crates.io-index)",
 "usize_conversions 0.2.0 (registry+https://github.com/rust-lang/crates.io-index)",
 "ux 0.1.3 (registry+https://github.com/rust-lang/crates.io-index)",
]

[[package]]
name = "xmas-elf"
version = "0.6.2"
source = "registry+https://github.com/rust-lang/crates.io-index"
dependencies = [
 "zero 0.1.2 (registry+https://github.com/rust-lang/crates.io-index)",
]

[[package]]
name = "zero"
version = "0.1.2"
source = "registry+https://github.com/rust-lang/crates.io-index"

[metadata]
"checksum aarch64 2.2.2 (git+https://github.com/equation314/aarch64)" = "<none>"
"checksum apic 0.1.0 (git+https://github.com/wangrunji0408/APIC-Rust)" = "<none>"
"checksum array-init 0.0.4 (registry+https://github.com/rust-lang/crates.io-index)" = "23589ecb866b460d3a0f1278834750268c607e8e28a1b982c907219f3178cd72"
"checksum bare-metal 0.2.4 (registry+https://github.com/rust-lang/crates.io-index)" = "a3caf393d93b2d453e80638d0674597020cef3382ada454faacd43d1a55a735a"
"checksum bit_field 0.9.0 (registry+https://github.com/rust-lang/crates.io-index)" = "ed8765909f9009617974ab6b7d332625b320b33c326b1e9321382ef1999b5d56"
"checksum bitflags 1.0.4 (registry+https://github.com/rust-lang/crates.io-index)" = "228047a76f468627ca71776ecdebd732a3423081fcf5125585bcd7c49886ce12"
"checksum bitvec 0.9.0 (registry+https://github.com/rust-lang/crates.io-index)" = "cfadef5c4e2c2e64067b9ecc061179f12ac7ec65ba613b1f60f3972bbada1f5b"
"checksum bootloader 0.3.4 (git+https://github.com/wangrunji0408/bootloader)" = "<none>"
"checksum byteorder 1.3.1 (registry+https://github.com/rust-lang/crates.io-index)" = "a019b10a2a7cdeb292db131fc8113e57ea2a908f6e7894b0c3c671893b65dbeb"
"checksum cc 1.0.28 (registry+https://github.com/rust-lang/crates.io-index)" = "bb4a8b715cb4597106ea87c7c84b2f1d452c7492033765df7f32651e66fcf749"
"checksum cfg-if 0.1.6 (registry+https://github.com/rust-lang/crates.io-index)" = "082bb9b28e00d3c9d39cc03e64ce4cea0f1bb9b3fde493f0cbc008472d22bdf4"
"checksum deque 0.3.2 (git+https://github.com/wangrunji0408/deque.git?branch=no_std)" = "<none>"
"checksum device_tree 1.0.3 (git+https://github.com/jiegec/device_tree-rs)" = "<none>"
"checksum fixedvec 0.2.3 (registry+https://github.com/rust-lang/crates.io-index)" = "7c6c16d316ccdac21a4dd648e314e76facbbaf316e83ca137d0857a9c07419d0"
"checksum fuchsia-cprng 0.1.0 (registry+https://github.com/rust-lang/crates.io-index)" = "81f7f8eb465745ea9b02e2704612a9946a59fa40572086c6fd49d6ddcf30bf31"
"checksum getopts 0.2.18 (registry+https://github.com/rust-lang/crates.io-index)" = "0a7292d30132fb5424b354f5dc02512a86e4c516fe544bb7a25e7f266951b797"
"checksum lazy_static 1.2.0 (registry+https://github.com/rust-lang/crates.io-index)" = "a374c89b9db55895453a74c1e38861d9deec0b01b405a82516e9d5de4820dea1"
"checksum libc 0.2.48 (registry+https://github.com/rust-lang/crates.io-index)" = "e962c7641008ac010fa60a7dfdc1712449f29c44ef2d4702394aea943ee75047"
"checksum linked_list_allocator 0.6.3 (registry+https://github.com/rust-lang/crates.io-index)" = "655d57c71827fe0891ce72231b6aa5e14033dae3f604609e6a6f807267c1678d"
"checksum log 0.3.9 (registry+https://github.com/rust-lang/crates.io-index)" = "e19e8d5c34a3e0e2223db8e060f9e8264aeeb5c5fc64a4ee9965c062211c024b"
"checksum log 0.4.6 (registry+https://github.com/rust-lang/crates.io-index)" = "c84ec4b527950aa83a329754b01dbe3f58361d1c5efacd1f6d68c494d08a17c6"
"checksum managed 0.7.1 (registry+https://github.com/rust-lang/crates.io-index)" = "fdcec5e97041c7f0f1c5b7d93f12e57293c831c646f4cc7a5db59460c7ea8de6"
"checksum nodrop 0.1.13 (registry+https://github.com/rust-lang/crates.io-index)" = "2f9667ddcc6cc8a43afc9b7917599d7216aa09c463919ea32c59ed6cac8bc945"
"checksum once 0.3.3 (registry+https://github.com/rust-lang/crates.io-index)" = "931fb7a4cf34610cf6cbe58d52a8ca5ef4c726d4e2e178abd0dc13a6551c6d73"
"checksum os_bootinfo 0.2.1 (registry+https://github.com/rust-lang/crates.io-index)" = "66481dbeb5e773e7bd85b63cd6042c30786f834338288c5ec4f3742673db360a"
"checksum pc-keyboard 0.5.0 (registry+https://github.com/rust-lang/crates.io-index)" = "c48392db76c4e9a69e0b3be356c5f97ebb7b14413c5e4fd0af4755dbf86e2fce"
"checksum pulldown-cmark 0.0.3 (registry+https://github.com/rust-lang/crates.io-index)" = "8361e81576d2e02643b04950e487ec172b687180da65c731c03cf336784e6c07"
"checksum rand 0.4.6 (registry+https://github.com/rust-lang/crates.io-index)" = "552840b97013b1a26992c11eac34bdd778e464601a4c2054b5f0bff7c6761293"
"checksum rand_core 0.3.1 (registry+https://github.com/rust-lang/crates.io-index)" = "7a6fdeb83b075e8266dcc8762c22776f6877a63111121f5f8c7411e5be7eed4b"
"checksum rand_core 0.4.0 (registry+https://github.com/rust-lang/crates.io-index)" = "d0e7a549d590831370895ab7ba4ea0c1b6b011d106b5ff2da6eee112615e6dc0"
"checksum raw-cpuid 6.1.0 (registry+https://github.com/rust-lang/crates.io-index)" = "30a9d219c32c9132f7be513c18be77c9881c7107d2ab5569d205a6a0f0e6dc7d"
"checksum rcore-fs 0.1.0 (git+https://github.com/wangrunji0408/rcore-fs?branch=sefs)" = "<none>"
"checksum rcore-fs-sfs 0.1.0 (git+https://github.com/wangrunji0408/rcore-fs?branch=sefs)" = "<none>"
"checksum rdrand 0.4.0 (registry+https://github.com/rust-lang/crates.io-index)" = "678054eb77286b51581ba43620cc911abf02758c91f93f479767aed0f90458b2"
"checksum register 0.2.1 (registry+https://github.com/rust-lang/crates.io-index)" = "e10f31b6d2299e5620986ad9fcdd66463e125ad72af4f403f9aedf7592d5ccdb"
"checksum remove_dir_all 0.5.1 (registry+https://github.com/rust-lang/crates.io-index)" = "3488ba1b9a2084d38645c4c08276a1752dcbf2c7130d74f1569681ad5d2799c5"
"checksum riscv 0.3.0 (git+https://github.com/riscv-and-rust-and-decaf/riscv)" = "<none>"
"checksum rustc_version 0.2.3 (registry+https://github.com/rust-lang/crates.io-index)" = "138e3e0acb6c9fb258b19b67cb8abd63c00679d2851805ea151465464fe9030a"
"checksum semver 0.9.0 (registry+https://github.com/rust-lang/crates.io-index)" = "1d7eb9ef2c18661902cc47e535f9bc51b78acd254da71d375c2f6720d9a40403"
"checksum semver-parser 0.7.0 (registry+https://github.com/rust-lang/crates.io-index)" = "388a1df253eca08550bef6c72392cfe7c30914bf41df5269b68cbd6ff8f570a3"
"checksum skeptic 0.5.0 (registry+https://github.com/rust-lang/crates.io-index)" = "061203a849117b0f7090baf8157aa91dac30545208fbb85166ac58b4ca33d89c"
"checksum smoltcp 0.5.0 (registry+https://github.com/rust-lang/crates.io-index)" = "fef582369edb298c6c41319a544ca9c4e83622f226055ccfcb35974fbb55ed34"
"checksum spin 0.4.10 (registry+https://github.com/rust-lang/crates.io-index)" = "ceac490aa12c567115b40b7b7fceca03a6c9d53d5defea066123debc83c5dc1f"
"checksum spin 0.5.0 (registry+https://github.com/rust-lang/crates.io-index)" = "44363f6f51401c34e7be73db0db371c04705d35efbe9f7d6082e03a921a32c55"
"checksum static_assertions 0.3.1 (registry+https://github.com/rust-lang/crates.io-index)" = "389ce475f424f267dbed6479cbd8f126c5e1afb053b0acdaa019c74305fc65d1"
"checksum tempdir 0.3.7 (registry+https://github.com/rust-lang/crates.io-index)" = "15f2b5fb00ccdf689e0149d1b1b3c03fead81c2b37735d812fa8bddbbf41b6d8"
"checksum tock-registers 0.2.0 (registry+https://github.com/rust-lang/crates.io-index)" = "3a385d94f3f62e60445a0adb9ff8d9621faa272234530d4c0f848ec98f88e316"
"checksum uart_16550 0.1.0 (registry+https://github.com/rust-lang/crates.io-index)" = "269f953d8de3226f7c065c589c7b4a3e83d10a419c7c3b5e2e0f197e6acc966e"
"checksum unicode-width 0.1.5 (registry+https://github.com/rust-lang/crates.io-index)" = "882386231c45df4700b275c7ff55b6f3698780a650026380e72dabe76fa46526"
"checksum usize_conversions 0.2.0 (registry+https://github.com/rust-lang/crates.io-index)" = "f70329e2cbe45d6c97a5112daad40c34cd9a4e18edb5a2a18fefeb584d8d25e5"
"checksum ux 0.1.3 (registry+https://github.com/rust-lang/crates.io-index)" = "88dfeb711b61ce620c0cb6fd9f8e3e678622f0c971da2a63c4b3e25e88ed012f"
"checksum volatile 0.2.6 (registry+https://github.com/rust-lang/crates.io-index)" = "6af0edf5b4faacc31fc51159244d78d65ec580f021afcef7bd53c04aeabc7f29"
"checksum winapi 0.3.6 (registry+https://github.com/rust-lang/crates.io-index)" = "92c1eb33641e276cfa214a0522acad57be5c56b10cb348b3c5117db75f3ac4b0"
"checksum winapi-i686-pc-windows-gnu 0.4.0 (registry+https://github.com/rust-lang/crates.io-index)" = "ac3b87c63620426dd9b991e5ce0329eff545bccbbb34f3be09ff6fb6ab51b7b6"
"checksum winapi-x86_64-pc-windows-gnu 0.4.0 (registry+https://github.com/rust-lang/crates.io-index)" = "712e227841d057c1ee1cd2fb22fa7e5a5461ae8e48fa2ca79ec42cfc1931183f"
"checksum x86 0.12.0 (registry+https://github.com/rust-lang/crates.io-index)" = "841e1ca5a87068718a2a26f2473c6f93cf3b8119f9778fa0ae4b39b664d9e66a"
"checksum x86_64 0.2.14 (registry+https://github.com/rust-lang/crates.io-index)" = "2bd647af1614659e1febec1d681231aea4ebda4818bf55a578aff02f3e4db4b4"
"checksum x86_64 0.4.0 (registry+https://github.com/rust-lang/crates.io-index)" = "0f893c7b302f824d1bb6ab25353e585583fa451c918d950e6f81ff5b4267cc18"
"checksum xmas-elf 0.6.2 (registry+https://github.com/rust-lang/crates.io-index)" = "22678df5df766e8d1e5d609da69f0c3132d794edf6ab5e75e7abcd2270d4cf58"
"checksum zero 0.1.2 (registry+https://github.com/rust-lang/crates.io-index)" = "5f1bc8a6b2005884962297587045002d8cfb8dcec9db332f4ca216ddc5de82c5"
