# This file is automatically @generated by Cargo.
# It is not intended for manual editing.
[[package]]
name = "linked_list_allocator"
version = "0.6.3"
source = "registry+https://github.com/rust-lang/crates.io-index"
dependencies = [
 "spin 0.4.10 (registry+https://github.com/rust-lang/crates.io-index)",
]

[[package]]
name = "rcore-ulib"
version = "0.1.0"
dependencies = [
 "linked_list_allocator 0.6.3 (registry+https://github.com/rust-lang/crates.io-index)",
]

[[package]]
name = "rcore-user-programs"
version = "0.1.0"
dependencies = [
 "rcore-ulib 0.1.0",
]

[[package]]
name = "spin"
version = "0.4.10"
source = "registry+https://github.com/rust-lang/crates.io-index"

[metadata]
"checksum linked_list_allocator 0.6.3 (registry+https://github.com/rust-lang/crates.io-index)" = "655d57c71827fe0891ce72231b6aa5e14033dae3f604609e6a6f807267c1678d"
"checksum spin 0.4.10 (registry+https://github.com/rust-lang/crates.io-index)" = "ceac490aa12c567115b40b7b7fceca03a6c9d53d5defea066123debc83c5dc1f"
